<?xml version="1.0" encoding="utf-8"?>
<Project ToolsVersion="4.0" xmlns="http://schemas.microsoft.com/developer/msbuild/2003">
  <ItemGroup>
    <ClCompile Include="Coach.cpp" />
    <ClCompile Include="Coach_Player.cpp" />
    <ClCompile Include="Main.cpp" />
    <ClCompile Include="Manager.cpp" />
    <ClCompile Include="Match.cpp" />
    <ClCompile Include="Person.cpp" />
    <ClCompile Include="Player.cpp" />
    <ClCompile Include="Referee.cpp" />
    <ClCompile Include="Team.cpp" />
    <ClCompile Include="Fixture.cpp" />
    <ClCompile Include="League.cpp" />
    <ClCompile Include="NoSpaceException.cpp" />
    <ClCompile Include="NullPointerException.cpp" />
    <ClCompile Include="leagueException.cpp" />
  </ItemGroup>
  <ItemGroup>
    <ClInclude Include="coach.h" />
    <ClInclude Include="coach_player.h" />
    <ClInclude Include="fixture.h" />
    <ClInclude Include="league.h" />
    <ClInclude Include="manager.h" />
    <ClInclude Include="match.h" />
    <ClInclude Include="person.h" />
    <ClInclude Include="player.h" />
    <ClInclude Include="referee.h" />
    <ClInclude Include="team.h" />
    <ClInclude Include="role.h" />
    <ClInclude Include="NoSpaceException.h" />
    <ClInclude Include="NullPointerException.h" />
    <ClInclude Include="leagueException.h" />
  </ItemGroup>
</Project>